
Microsoft Visual Studio Solution File, Format Version 12.00
# Visual Studio 14
VisualStudioVersion = 14.0.25420.1
MinimumVisualStudioVersion = 10.0.40219.1
Project("{FAE04EC0-301F-11D3-BF4B-00C04F79EFBC}") = "practice12", "practice12\practice12.csproj", "{B10785FC-7635-4672-9DED-FB66ACE53974}"
EndProject
Global
	GlobalSection(SolutionConfigurationPlatforms) = preSolution
		Debug|Any CPU = Debug|Any CPU
		Release|Any CPU = Release|Any CPU
	EndGlobalSection
	GlobalSection(ProjectConfigurationPlatforms) = postSolution
		{B10785FC-7635-4672-9DED-FB66ACE53974}.Debug|Any CPU.ActiveCfg = Debug|Any CPU
		{B10785FC-7635-4672-9DED-FB66ACE53974}.Debug|Any CPU.Build.0 = Debug|Any CPU
		{B10785FC-7635-4672-9DED-FB66ACE53974}.Release|Any CPU.ActiveCfg = Release|Any CPU
		{B10785FC-7635-4672-9DED-FB66ACE53974}.Release|Any CPU.Build.0 = Release|Any CPU
	EndGlobalSection
	GlobalSection(SolutionProperties) = preSolution
		HideSolutionNode = FALSE
	EndGlobalSection
EndGlobal
